<Solution>
  <Project Path="src/BlogIt.Admin/BlogIt.Admin.csproj" />
  <Project Path="src/BlogIt.MauiAdmin/BlogIt.MauiAdmin.csproj" />
  <Project Path="tests/BlogIt.Tests/BlogIt.Tests.csproj" />
  <Project Path="samples/BlogIt.Sample.AppHost/BlogIt.Sample.AppHost.csproj" />
  <Project Path="samples/BlogIt.Sample.ServiceDefaults/BlogIt.Sample.ServiceDefaults.csproj" />
  <Project Path="samples/BlogIt.Sample/BlogIt.Sample.csproj" />
  <Project Path="src/BlogIt/BlogIt.csproj" />
  <Project Path="src/BlogIt.AzureStorage/BlogIt.AzureStorage.csproj" />
  <Project Path="src/BlogIt.GoogleAnalytics/BlogIt.GoogleAnalytics.csproj" />
  <Project Path="src/BlogIt.OpenAi/BlogIt.OpenAi.csproj" />
  <Project Path="src/BlogIt.Contracts/BlogIt.Contracts.csproj" />
</Solution>
